
Microsoft Visual Studio Solution File, Format Version 12.00
# Visual Studio Version 17
VisualStudioVersion = 17.11.35222.181
MinimumVisualStudioVersion = 10.0.40219.1
Project("{FAE04EC0-301F-11D3-BF4B-00C04F79EFBC}") = "onedimensionalarray10282395", "onedimensionalarray10282395\onedimensionalarray10282395.csproj", "{328C2805-C9C3-43C4-A613-D7F27D9BA917}"
EndProject
Global
	GlobalSection(SolutionConfigurationPlatforms) = preSolution
		Debug|Any CPU = Debug|Any CPU
		Release|Any CPU = Release|Any CPU
	EndGlobalSection
	GlobalSection(ProjectConfigurationPlatforms) = postSolution
		{328C2805-C9C3-43C4-A613-D7F27D9BA917}.Debug|Any CPU.ActiveCfg = Debug|Any CPU
		{328C2805-C9C3-43C4-A613-D7F27D9BA917}.Debug|Any CPU.Build.0 = Debug|Any CPU
		{328C2805-C9C3-43C4-A613-D7F27D9BA917}.Release|Any CPU.ActiveCfg = Release|Any CPU
		{328C2805-C9C3-43C4-A613-D7F27D9BA917}.Release|Any CPU.Build.0 = Release|Any CPU
	EndGlobalSection
	GlobalSection(SolutionProperties) = preSolution
		HideSolutionNode = FALSE
	EndGlobalSection
	GlobalSection(ExtensibilityGlobals) = postSolution
		SolutionGuid = {62A5BC6C-F962-42C5-9365-D930F527FD46}
	EndGlobalSection
EndGlobal
